# This file is automatically @generated by Poetry 2.1.1 and should not be changed by hand.

[[package]]
name = "shell"
version = "1.0.1"
description = "A better way to run shell commands in Python."
optional = false
python-versions = "*"
groups = ["main"]
files = [
    {file = "shell-1.0.1-py2.py3-none-any.whl", hash = "sha256:64e3347d1dd2c8f3c3f3df5e6ebe9084d768ae20985aef6793854b9f47d4045a"},
    {file = "shell-1.0.1.tar.gz", hash = "sha256:6fbaa88f85de228ddecef33cb1e9037f4959f6f76942b01769e4139a038f6513"},
]

[metadata]
lock-version = "2.1"
python-versions = ">=3.12"
content-hash = "c14b21571335d2088da89139ea57e0a39de5486001dfb02bbd75fcf35f65c021"
